
Microsoft Visual Studio Solution File, Format Version 11.00
# Visual Studio 2010
Project("{FAE04EC0-301F-11D3-BF4B-00C04F79EFBC}") = "LocalFileLink", "LocalFileLink\LocalFileLink.csproj", "{AF53EC7B-0FC6-4C0D-8F14-44D5EF7FB3F9}"
EndProject
Project("{FAE04EC0-301F-11D3-BF4B-00C04F79EFBC}") = "LocalFileLinkTestProject", "LocalFileLinkTestProject\LocalFileLinkTestProject.csproj", "{06A2FDBE-2844-4F3A-81BB-BDEC61B06261}"
EndProject
Project("{2150E333-8FDC-42A3-9474-1A3956D46DE8}") = "Solution Items", "Solution Items", "{C3A75FC8-9468-4F00-9CBE-6751F2C329A0}"
	ProjectSection(SolutionItems) = preProject
		Local.testsettings = Local.testsettings
		LocalFileLink.vsmdi = LocalFileLink.vsmdi
		TraceAndTestImpact.testsettings = TraceAndTestImpact.testsettings
	EndProjectSection
EndProject
Project("{54435603-DBB4-11D2-8724-00A0C9A8B90C}") = "LocalFileLinkSetup", "LocalFileLinkSetup\LocalFileLinkSetup.vdproj", "{26AAB684-E34A-4022-A609-DA713A79404F}"
EndProject
Global
	GlobalSection(TestCaseManagementSettings) = postSolution
		CategoryFile = LocalFileLink.vsmdi
	EndGlobalSection
	GlobalSection(SolutionConfigurationPlatforms) = preSolution
		Debug|Any CPU = Debug|Any CPU
		Debug|Mixed Platforms = Debug|Mixed Platforms
		Debug|x86 = Debug|x86
		Release|Any CPU = Release|Any CPU
		Release|Mixed Platforms = Release|Mixed Platforms
		Release|x86 = Release|x86
	EndGlobalSection
	GlobalSection(ProjectConfigurationPlatforms) = postSolution
		{AF53EC7B-0FC6-4C0D-8F14-44D5EF7FB3F9}.Debug|Any CPU.ActiveCfg = Debug|Any CPU
		{AF53EC7B-0FC6-4C0D-8F14-44D5EF7FB3F9}.Debug|Any CPU.Build.0 = Debug|Any CPU
		{AF53EC7B-0FC6-4C0D-8F14-44D5EF7FB3F9}.Debug|Mixed Platforms.ActiveCfg = Debug|Any CPU
		{AF53EC7B-0FC6-4C0D-8F14-44D5EF7FB3F9}.Debug|Mixed Platforms.Build.0 = Debug|Any CPU
		{AF53EC7B-0FC6-4C0D-8F14-44D5EF7FB3F9}.Debug|x86.ActiveCfg = Debug|Any CPU
		{AF53EC7B-0FC6-4C0D-8F14-44D5EF7FB3F9}.Release|Any CPU.ActiveCfg = Release|Any CPU
		{AF53EC7B-0FC6-4C0D-8F14-44D5EF7FB3F9}.Release|Any CPU.Build.0 = Release|Any CPU
		{AF53EC7B-0FC6-4C0D-8F14-44D5EF7FB3F9}.Release|Mixed Platforms.ActiveCfg = Release|Any CPU
		{AF53EC7B-0FC6-4C0D-8F14-44D5EF7FB3F9}.Release|Mixed Platforms.Build.0 = Release|Any CPU
		{AF53EC7B-0FC6-4C0D-8F14-44D5EF7FB3F9}.Release|x86.ActiveCfg = Release|Any CPU
		{06A2FDBE-2844-4F3A-81BB-BDEC61B06261}.Debug|Any CPU.ActiveCfg = Debug|Any CPU
		{06A2FDBE-2844-4F3A-81BB-BDEC61B06261}.Debug|Any CPU.Build.0 = Debug|Any CPU
		{06A2FDBE-2844-4F3A-81BB-BDEC61B06261}.Debug|Mixed Platforms.ActiveCfg = Debug|Any CPU
		{06A2FDBE-2844-4F3A-81BB-BDEC61B06261}.Debug|Mixed Platforms.Build.0 = Debug|Any CPU
		{06A2FDBE-2844-4F3A-81BB-BDEC61B06261}.Debug|x86.ActiveCfg = Debug|Any CPU
		{06A2FDBE-2844-4F3A-81BB-BDEC61B06261}.Release|Any CPU.ActiveCfg = Release|Any CPU
		{06A2FDBE-2844-4F3A-81BB-BDEC61B06261}.Release|Any CPU.Build.0 = Release|Any CPU
		{06A2FDBE-2844-4F3A-81BB-BDEC61B06261}.Release|Mixed Platforms.ActiveCfg = Release|Any CPU
		{06A2FDBE-2844-4F3A-81BB-BDEC61B06261}.Release|Mixed Platforms.Build.0 = Release|Any CPU
		{06A2FDBE-2844-4F3A-81BB-BDEC61B06261}.Release|x86.ActiveCfg = Release|Any CPU
		{26AAB684-E34A-4022-A609-DA713A79404F}.Debug|Any CPU.ActiveCfg = Debug
		{26AAB684-E34A-4022-A609-DA713A79404F}.Debug|Mixed Platforms.ActiveCfg = Debug
		{26AAB684-E34A-4022-A609-DA713A79404F}.Debug|x86.ActiveCfg = Debug
		{26AAB684-E34A-4022-A609-DA713A79404F}.Release|Any CPU.ActiveCfg = Release
		{26AAB684-E34A-4022-A609-DA713A79404F}.Release|Mixed Platforms.ActiveCfg = Release
		{26AAB684-E34A-4022-A609-DA713A79404F}.Release|Mixed Platforms.Build.0 = Release
		{26AAB684-E34A-4022-A609-DA713A79404F}.Release|x86.ActiveCfg = Release
	EndGlobalSection
	GlobalSection(SolutionProperties) = preSolution
		HideSolutionNode = FALSE
	EndGlobalSection
EndGlobal
